{
  "name": "@aaarslan/aer",
  "version": "5.0.0",
  "lockfileVersion": 3,
  "requires": true,
  "packages": {
    "": {
      "name": "@aaarslan/aer",
      "version": "5.0.0",
      "license": "MIT",
      "bin": {
        "aer": "tools/aer.mjs"
      },
      "engines": {
        "node": ">=24"
      }
    }
  }
}
